
Microsoft Visual Studio Solution File, Format Version 12.00
# Visual Studio 15
VisualStudioVersion = 15.0.28307.1000
MinimumVisualStudioVersion = 10.0.40219.1
Project("{FAE04EC0-301F-11D3-BF4B-00C04F79EFBC}") = "SoftwareAM2", "SoftwareAM2\SoftwareAM2.csproj", "{BE36B341-6201-4801-A7FC-E0B918D4AD05}"
EndProject
Project("{FAE04EC0-301F-11D3-BF4B-00C04F79EFBC}") = "SoftwareAM2.data", "SoftwareAM2.data\SoftwareAM2.data.csproj", "{A1E96998-CFF4-4F7B-844D-C8A51396ACC7}"
EndProject
Project("{FAE04EC0-301F-11D3-BF4B-00C04F79EFBC}") = "SoftwareAm2.Repos", "SoftwareAm2.Repos\SoftwareAm2.Repos.csproj", "{29A488EA-2520-47B6-92F7-B5639B39FDA9}"
EndProject
Global
	GlobalSection(SolutionConfigurationPlatforms) = preSolution
		Debug|Any CPU = Debug|Any CPU
		Release|Any CPU = Release|Any CPU
	EndGlobalSection
	GlobalSection(ProjectConfigurationPlatforms) = postSolution
		{BE36B341-6201-4801-A7FC-E0B918D4AD05}.Debug|Any CPU.ActiveCfg = Debug|Any CPU
		{BE36B341-6201-4801-A7FC-E0B918D4AD05}.Debug|Any CPU.Build.0 = Debug|Any CPU
		{BE36B341-6201-4801-A7FC-E0B918D4AD05}.Release|Any CPU.ActiveCfg = Release|Any CPU
		{BE36B341-6201-4801-A7FC-E0B918D4AD05}.Release|Any CPU.Build.0 = Release|Any CPU
		{A1E96998-CFF4-4F7B-844D-C8A51396ACC7}.Debug|Any CPU.ActiveCfg = Debug|Any CPU
		{A1E96998-CFF4-4F7B-844D-C8A51396ACC7}.Debug|Any CPU.Build.0 = Debug|Any CPU
		{A1E96998-CFF4-4F7B-844D-C8A51396ACC7}.Release|Any CPU.ActiveCfg = Release|Any CPU
		{A1E96998-CFF4-4F7B-844D-C8A51396ACC7}.Release|Any CPU.Build.0 = Release|Any CPU
		{29A488EA-2520-47B6-92F7-B5639B39FDA9}.Debug|Any CPU.ActiveCfg = Debug|Any CPU
		{29A488EA-2520-47B6-92F7-B5639B39FDA9}.Debug|Any CPU.Build.0 = Debug|Any CPU
		{29A488EA-2520-47B6-92F7-B5639B39FDA9}.Release|Any CPU.ActiveCfg = Release|Any CPU
		{29A488EA-2520-47B6-92F7-B5639B39FDA9}.Release|Any CPU.Build.0 = Release|Any CPU
	EndGlobalSection
	GlobalSection(SolutionProperties) = preSolution
		HideSolutionNode = FALSE
	EndGlobalSection
	GlobalSection(ExtensibilityGlobals) = postSolution
		SolutionGuid = {79005884-44B3-4F09-AF6A-DB02E0F5493F}
	EndGlobalSection
EndGlobal
